
Microsoft Visual Studio Solution File, Format Version 12.00
# Visual Studio Version 17
VisualStudioVersion = 17.2.32516.85
MinimumVisualStudioVersion = 10.0.40219.1
Project("{FAE04EC0-301F-11D3-BF4B-00C04F79EFBC}") = "FrameWork", "FrameWork\FrameWork.csproj", "{24931FED-9B64-45B5-B657-EB84CE6DEE71}"
EndProject
Project("{FAE04EC0-301F-11D3-BF4B-00C04F79EFBC}") = "Space", "Space\Space.csproj", "{2ACB2747-9790-4634-B238-808B9CABA844}"
EndProject
Global
	GlobalSection(SolutionConfigurationPlatforms) = preSolution
		Debug|Any CPU = Debug|Any CPU
		Release|Any CPU = Release|Any CPU
	EndGlobalSection
	GlobalSection(ProjectConfigurationPlatforms) = postSolution
		{24931FED-9B64-45B5-B657-EB84CE6DEE71}.Debug|Any CPU.ActiveCfg = Debug|Any CPU
		{24931FED-9B64-45B5-B657-EB84CE6DEE71}.Debug|Any CPU.Build.0 = Debug|Any CPU
		{24931FED-9B64-45B5-B657-EB84CE6DEE71}.Release|Any CPU.ActiveCfg = Release|Any CPU
		{24931FED-9B64-45B5-B657-EB84CE6DEE71}.Release|Any CPU.Build.0 = Release|Any CPU
		{2ACB2747-9790-4634-B238-808B9CABA844}.Debug|Any CPU.ActiveCfg = Debug|Any CPU
		{2ACB2747-9790-4634-B238-808B9CABA844}.Debug|Any CPU.Build.0 = Debug|Any CPU
		{2ACB2747-9790-4634-B238-808B9CABA844}.Release|Any CPU.ActiveCfg = Release|Any CPU
		{2ACB2747-9790-4634-B238-808B9CABA844}.Release|Any CPU.Build.0 = Release|Any CPU
	EndGlobalSection
	GlobalSection(SolutionProperties) = preSolution
		HideSolutionNode = FALSE
	EndGlobalSection
	GlobalSection(ExtensibilityGlobals) = postSolution
		SolutionGuid = {9B9496C3-6EB9-4751-B34F-7FCC1A044D12}
	EndGlobalSection
EndGlobal
